dependencies:
  espressif/led_strip:
    component_hash: 67d2744208e9c12d8b1992d21c979396c1726e57cb7e35e7c171c515be20f8ea
    source:
      storage_url: file:///G:/ESP32_IDF/Espressif/registry
      type: service
    version: 2.5.3
  idf:
    component_hash: null
    source:
      type: idf
    version: 5.2.1
manifest_hash: 344c944758e71263e1b94b2b02cf249bad809c28f26d7743332a598c8b5e9aa1
target: esp32
version: 1.0.0
